
Microsoft Visual Studio Solution File, Format Version 12.00
# Visual Studio 2015
Project("{FAE04EC0-301F-11D3-BF4B-00C04F79EFBC}") = "2Boats.CSharp", "2Boats.CSharp.csproj", "{C4B20AED-EF4C-D801-BD23-E7E2B0CC3D01}"
EndProject
Global
	GlobalSection(SolutionConfigurationPlatforms) = preSolution
		Debug|Any CPU = Debug|Any CPU
		Release|Any CPU = Release|Any CPU
	EndGlobalSection
	GlobalSection(ProjectConfigurationPlatforms) = postSolution
		{C4B20AED-EF4C-D801-BD23-E7E2B0CC3D01}.Debug|Any CPU.ActiveCfg = Debug|Any CPU
		{C4B20AED-EF4C-D801-BD23-E7E2B0CC3D01}.Debug|Any CPU.Build.0 = Debug|Any CPU
		{C4B20AED-EF4C-D801-BD23-E7E2B0CC3D01}.Release|Any CPU.ActiveCfg = Release|Any CPU
		{C4B20AED-EF4C-D801-BD23-E7E2B0CC3D01}.Release|Any CPU.Build.0 = Release|Any CPU
	EndGlobalSection
	GlobalSection(SolutionProperties) = preSolution
		HideSolutionNode = FALSE
	EndGlobalSection
EndGlobal
